// !$*UTF8*$!
{
	archiveVersion = 1;
	classes = {
	};
	objectVersion = 50;
	objects = {

/* Begin PBXBuildFile section */
		0E5B7936217711F900DEC01F /* main.m in Sources */ = {isa = PBXBuildFile; fileRef = 0E5B7935217711F900DEC01F /* main.m */; };
		0E6DF6F421777633004DAAEB /* XPMValuedArgument.m in Sources */ = {isa = PBXBuildFile; fileRef = 0E6DF6DB21777633004DAAEB /* XPMValuedArgument.m */; };
		0E6DF6F521777633004DAAEB /* NSProcessInfo+XPMArgumentParser.m in Sources */ = {isa = PBXBuildFile; fileRef = 0E6DF6DE21777633004DAAEB /* NSProcessInfo+XPMArgumentParser.m */; };
		0E6DF6F621777633004DAAEB /* XPMMutableAttributedArray.m in Sources */ = {isa = PBXBuildFile; fileRef = 0E6DF6DF21777633004DAAEB /* XPMMutableAttributedArray.m */; };
		0E6DF6F721777633004DAAEB /* XPMArgsKonstants.m in Sources */ = {isa = PBXBuildFile; fileRef = 0E6DF6E221777633004DAAEB /* XPMArgsKonstants.m */; };
		0E6DF6F821777633004DAAEB /* XPMArgumentSignature.m in Sources */ = {isa = PBXBuildFile; fileRef = 0E6DF6E321777633004DAAEB /* XPMArgumentSignature.m */; };
		0E6DF6F921777633004DAAEB /* XPMArguments_Coalescer_Internal.m in Sources */ = {isa = PBXBuildFile; fileRef = 0E6DF6E421777633004DAAEB /* XPMArguments_Coalescer_Internal.m */; };
		0E6DF6FA21777633004DAAEB /* XPMCountedArgument.m in Sources */ = {isa = PBXBuildFile; fileRef = 0E6DF6E521777633004DAAEB /* XPMCountedArgument.m */; };
		0E6DF6FB21777633004DAAEB /* NSScanner+EscapedScanning.m in Sources */ = {isa = PBXBuildFile; fileRef = 0E6DF6E621777633004DAAEB /* NSScanner+EscapedScanning.m */; };
		0E6DF6FC21777633004DAAEB /* XPMArgumentPackage.m in Sources */ = {isa = PBXBuildFile; fileRef = 0E6DF6E721777633004DAAEB /* XPMArgumentPackage.m */; };
		0E6DF6FD21777633004DAAEB /* XPMArgumentParser.m in Sources */ = {isa = PBXBuildFile; fileRef = 0E6DF6E921777633004DAAEB /* XPMArgumentParser.m */; };
		0E6DF6FE21777633004DAAEB /* NSString+Indenter.m in Sources */ = {isa = PBXBuildFile; fileRef = 0E6DF6EA21777633004DAAEB /* NSString+Indenter.m */; };
		0E6DF6FF21777633004DAAEB /* NSArray+XPMArgumentsNormalizer.m in Sources */ = {isa = PBXBuildFile; fileRef = 0E6DF6EB21777633004DAAEB /* NSArray+XPMArgumentsNormalizer.m */; };
		0E6DF70021777633004DAAEB /* NSDictionary+RubyDescription.m in Sources */ = {isa = PBXBuildFile; fileRef = 0E6DF6ED21777633004DAAEB /* NSDictionary+RubyDescription.m */; };
		0E6DF7032177765F004DAAEB /* ASOptions.m in Sources */ = {isa = PBXBuildFile; fileRef = 0E6DF7022177765F004DAAEB /* ASOptions.m */; };
		0E6DF70621777B25004DAAEB /* SPCommandInteractor.m in Sources */ = {isa = PBXBuildFile; fileRef = 0E6DF70521777B24004DAAEB /* SPCommandInteractor.m */; };
		0E6DF70A21777E1C004DAAEB /* SPSimListCommand.m in Sources */ = {isa = PBXBuildFile; fileRef = 0E6DF70921777E1C004DAAEB /* SPSimListCommand.m */; };
		0ECB2A60217B9CA800ADB62A /* SPHdiutilCommand.m in Sources */ = {isa = PBXBuildFile; fileRef = 0ECB2A5F217B9CA800ADB62A /* SPHdiutilCommand.m */; };
/* End PBXBuildFile section */

/* Begin PBXCopyFilesBuildPhase section */
		0E5B7930217711F900DEC01F /* CopyFiles */ = {
			isa = PBXCopyFilesBuildPhase;
			buildActionMask = 2147483647;
			dstPath = /usr/share/man/man1/;
			dstSubfolderSpec = 0;
			files = (
			);
			runOnlyForDeploymentPostprocessing = 1;
		};
/* End PBXCopyFilesBuildPhase section */

/* Begin PBXFileReference section */
		0E5B7932217711F900DEC01F /* simspc */ = {isa = PBXFileReference; explicitFileType = "compiled.mach-o.executable"; includeInIndex = 0; path = simspc; sourceTree = BUILT_PRODUCTS_DIR; };
		0E5B7935217711F900DEC01F /* main.m */ = {isa = PBXFileReference; lastKnownFileType = sourcecode.c.objc; path = main.m; sourceTree = "<group>"; };
		0E6DF6D621777633004DAAEB /* XPMArgumentPackage_Private.h */ = {isa = PBXFileReference; fileEncoding = 4; lastKnownFileType = sourcecode.c.h; path = XPMArgumentPackage_Private.h; sourceTree = "<group>"; };
		0E6DF6D721777633004DAAEB /* NSScanner+EscapedScanning.h */ = {isa = PBXFileReference; fileEncoding = 4; lastKnownFileType = sourcecode.c.h; path = "NSScanner+EscapedScanning.h"; sourceTree = "<group>"; };
		0E6DF6D821777633004DAAEB /* NSArray+XPMArgumentsNormalizer.h */ = {isa = PBXFileReference; fileEncoding = 4; lastKnownFileType = sourcecode.c.h; path = "NSArray+XPMArgumentsNormalizer.h"; sourceTree = "<group>"; };
		0E6DF6D921777633004DAAEB /* NSString+Indenter.h */ = {isa = PBXFileReference; fileEncoding = 4; lastKnownFileType = sourcecode.c.h; path = "NSString+Indenter.h"; sourceTree = "<group>"; };
		0E6DF6DA21777633004DAAEB /* XPMArgumentParser.h */ = {isa = PBXFileReference; fileEncoding = 4; lastKnownFileType = sourcecode.c.h; path = XPMArgumentParser.h; sourceTree = "<group>"; };
		0E6DF6DB21777633004DAAEB /* XPMValuedArgument.m */ = {isa = PBXFileReference; fileEncoding = 4; lastKnownFileType = sourcecode.c.objc; path = XPMValuedArgument.m; sourceTree = "<group>"; };
		0E6DF6DC21777633004DAAEB /* XPMArgumentPackage.h */ = {isa = PBXFileReference; fileEncoding = 4; lastKnownFileType = sourcecode.c.h; path = XPMArgumentPackage.h; sourceTree = "<group>"; };
		0E6DF6DD21777633004DAAEB /* ArgumentParser-Prefix.pch */ = {isa = PBXFileReference; fileEncoding = 4; lastKnownFileType = sourcecode.c.h; path = "ArgumentParser-Prefix.pch"; sourceTree = "<group>"; };
		0E6DF6DE21777633004DAAEB /* NSProcessInfo+XPMArgumentParser.m */ = {isa = PBXFileReference; fileEncoding = 4; lastKnownFileType = sourcecode.c.objc; path = "NSProcessInfo+XPMArgumentParser.m"; sourceTree = "<group>"; };
		0E6DF6DF21777633004DAAEB /* XPMMutableAttributedArray.m */ = {isa = PBXFileReference; fileEncoding = 4; lastKnownFileType = sourcecode.c.objc; path = XPMMutableAttributedArray.m; sourceTree = "<group>"; };
		0E6DF6E021777633004DAAEB /* XPMArgumentSignature_Private.h */ = {isa = PBXFileReference; fileEncoding = 4; lastKnownFileType = sourcecode.c.h; path = XPMArgumentSignature_Private.h; sourceTree = "<group>"; };
		0E6DF6E121777633004DAAEB /* NSDictionary+RubyDescription.h */ = {isa = PBXFileReference; fileEncoding = 4; lastKnownFileType = sourcecode.c.h; path = "NSDictionary+RubyDescription.h"; sourceTree = "<group>"; };
		0E6DF6E221777633004DAAEB /* XPMArgsKonstants.m */ = {isa = PBXFileReference; fileEncoding = 4; lastKnownFileType = sourcecode.c.objc; path = XPMArgsKonstants.m; sourceTree = "<group>"; };
		0E6DF6E321777633004DAAEB /* XPMArgumentSignature.m */ = {isa = PBXFileReference; fileEncoding = 4; lastKnownFileType = sourcecode.c.objc; path = XPMArgumentSignature.m; sourceTree = "<group>"; };
		0E6DF6E421777633004DAAEB /* XPMArguments_Coalescer_Internal.m */ = {isa = PBXFileReference; fileEncoding = 4; lastKnownFileType = sourcecode.c.objc; path = XPMArguments_Coalescer_Internal.m; sourceTree = "<group>"; };
		0E6DF6E521777633004DAAEB /* XPMCountedArgument.m */ = {isa = PBXFileReference; fileEncoding = 4; lastKnownFileType = sourcecode.c.objc; path = XPMCountedArgument.m; sourceTree = "<group>"; };
		0E6DF6E621777633004DAAEB /* NSScanner+EscapedScanning.m */ = {isa = PBXFileReference; fileEncoding = 4; lastKnownFileType = sourcecode.c.objc; path = "NSScanner+EscapedScanning.m"; sourceTree = "<group>"; };
		0E6DF6E721777633004DAAEB /* XPMArgumentPackage.m */ = {isa = PBXFileReference; fileEncoding = 4; lastKnownFileType = sourcecode.c.objc; path = XPMArgumentPackage.m; sourceTree = "<group>"; };
		0E6DF6E821777633004DAAEB /* XPMValuedArgument.h */ = {isa = PBXFileReference; fileEncoding = 4; lastKnownFileType = sourcecode.c.h; path = XPMValuedArgument.h; sourceTree = "<group>"; };
		0E6DF6E921777633004DAAEB /* XPMArgumentParser.m */ = {isa = PBXFileReference; fileEncoding = 4; lastKnownFileType = sourcecode.c.objc; path = XPMArgumentParser.m; sourceTree = "<group>"; };
		0E6DF6EA21777633004DAAEB /* NSString+Indenter.m */ = {isa = PBXFileReference; fileEncoding = 4; lastKnownFileType = sourcecode.c.objc; path = "NSString+Indenter.m"; sourceTree = "<group>"; };
		0E6DF6EB21777633004DAAEB /* NSArray+XPMArgumentsNormalizer.m */ = {isa = PBXFileReference; fileEncoding = 4; lastKnownFileType = sourcecode.c.objc; path = "NSArray+XPMArgumentsNormalizer.m"; sourceTree = "<group>"; };
		0E6DF6EC21777633004DAAEB /* XPMArgsKonstants.h */ = {isa = PBXFileReference; fileEncoding = 4; lastKnownFileType = sourcecode.c.h; path = XPMArgsKonstants.h; sourceTree = "<group>"; };
		0E6DF6ED21777633004DAAEB /* NSDictionary+RubyDescription.m */ = {isa = PBXFileReference; fileEncoding = 4; lastKnownFileType = sourcecode.c.objc; path = "NSDictionary+RubyDescription.m"; sourceTree = "<group>"; };
		0E6DF6EE21777633004DAAEB /* XPMMutableAttributedArray.h */ = {isa = PBXFileReference; fileEncoding = 4; lastKnownFileType = sourcecode.c.h; path = XPMMutableAttributedArray.h; sourceTree = "<group>"; };
		0E6DF6EF21777633004DAAEB /* NSProcessInfo+XPMArgumentParser.h */ = {isa = PBXFileReference; fileEncoding = 4; lastKnownFileType = sourcecode.c.h; path = "NSProcessInfo+XPMArgumentParser.h"; sourceTree = "<group>"; };
		0E6DF6F021777633004DAAEB /* XPMCountedArgument.h */ = {isa = PBXFileReference; fileEncoding = 4; lastKnownFileType = sourcecode.c.h; path = XPMCountedArgument.h; sourceTree = "<group>"; };
		0E6DF6F121777633004DAAEB /* XPMArguments_Coalescer_Internal.h */ = {isa = PBXFileReference; fileEncoding = 4; lastKnownFileType = sourcecode.c.h; path = XPMArguments_Coalescer_Internal.h; sourceTree = "<group>"; };
		0E6DF6F221777633004DAAEB /* XPMArguments.h */ = {isa = PBXFileReference; fileEncoding = 4; lastKnownFileType = sourcecode.c.h; path = XPMArguments.h; sourceTree = "<group>"; };
		0E6DF6F321777633004DAAEB /* XPMArgumentSignature.h */ = {isa = PBXFileReference; fileEncoding = 4; lastKnownFileType = sourcecode.c.h; path = XPMArgumentSignature.h; sourceTree = "<group>"; };
		0E6DF7012177765F004DAAEB /* ASOptions.h */ = {isa = PBXFileReference; fileEncoding = 4; lastKnownFileType = sourcecode.c.h; path = ASOptions.h; sourceTree = "<group>"; };
		0E6DF7022177765F004DAAEB /* ASOptions.m */ = {isa = PBXFileReference; fileEncoding = 4; lastKnownFileType = sourcecode.c.objc; path = ASOptions.m; sourceTree = "<group>"; };
		0E6DF70421777B24004DAAEB /* SPCommandInteractor.h */ = {isa = PBXFileReference; fileEncoding = 4; lastKnownFileType = sourcecode.c.h; path = SPCommandInteractor.h; sourceTree = "<group>"; };
		0E6DF70521777B24004DAAEB /* SPCommandInteractor.m */ = {isa = PBXFileReference; fileEncoding = 4; lastKnownFileType = sourcecode.c.objc; path = SPCommandInteractor.m; sourceTree = "<group>"; };
		0E6DF70821777E1C004DAAEB /* SPSimListCommand.h */ = {isa = PBXFileReference; lastKnownFileType = sourcecode.c.h; path = SPSimListCommand.h; sourceTree = "<group>"; };
		0E6DF70921777E1C004DAAEB /* SPSimListCommand.m */ = {isa = PBXFileReference; lastKnownFileType = sourcecode.c.objc; path = SPSimListCommand.m; sourceTree = "<group>"; };
		0E6DF70B21777EE6004DAAEB /* SPCommand.h */ = {isa = PBXFileReference; lastKnownFileType = sourcecode.c.h; path = SPCommand.h; sourceTree = "<group>"; };
		0ECB2A5E217B9CA800ADB62A /* SPHdiutilCommand.h */ = {isa = PBXFileReference; lastKnownFileType = sourcecode.c.h; path = SPHdiutilCommand.h; sourceTree = "<group>"; };
		0ECB2A5F217B9CA800ADB62A /* SPHdiutilCommand.m */ = {isa = PBXFileReference; lastKnownFileType = sourcecode.c.objc; path = SPHdiutilCommand.m; sourceTree = "<group>"; };
/* End PBXFileReference section */

/* Begin PBXFrameworksBuildPhase section */
		0E5B792F217711F900DEC01F /* Frameworks */ = {
			isa = PBXFrameworksBuildPhase;
			buildActionMask = 2147483647;
			files = (
			);
			runOnlyForDeploymentPostprocessing = 0;
		};
/* End PBXFrameworksBuildPhase section */

/* Begin PBXGroup section */
		0E5B7929217711F900DEC01F = {
			isa = PBXGroup;
			children = (
				0E5B7934217711F900DEC01F /* simspc */,
				0E5B7933217711F900DEC01F /* Products */,
			);
			sourceTree = "<group>";
		};
		0E5B7933217711F900DEC01F /* Products */ = {
			isa = PBXGroup;
			children = (
				0E5B7932217711F900DEC01F /* simspc */,
			);
			name = Products;
			sourceTree = "<group>";
		};
		0E5B7934217711F900DEC01F /* simspc */ = {
			isa = PBXGroup;
			children = (
				0E5B7935217711F900DEC01F /* main.m */,
				0E6DF7012177765F004DAAEB /* ASOptions.h */,
				0E6DF7022177765F004DAAEB /* ASOptions.m */,
				0E6DF70721777DB7004DAAEB /* Commands */,
				0E6DF6D421777621004DAAEB /* Dependencies */,
			);
			path = simspc;
			sourceTree = "<group>";
		};
		0E6DF6D421777621004DAAEB /* Dependencies */ = {
			isa = PBXGroup;
			children = (
				0E6DF6D521777633004DAAEB /* ArgumentParser */,
			);
			path = Dependencies;
			sourceTree = "<group>";
		};
		0E6DF6D521777633004DAAEB /* ArgumentParser */ = {
			isa = PBXGroup;
			children = (
				0E6DF6D621777633004DAAEB /* XPMArgumentPackage_Private.h */,
				0E6DF6D721777633004DAAEB /* NSScanner+EscapedScanning.h */,
				0E6DF6D821777633004DAAEB /* NSArray+XPMArgumentsNormalizer.h */,
				0E6DF6D921777633004DAAEB /* NSString+Indenter.h */,
				0E6DF6DA21777633004DAAEB /* XPMArgumentParser.h */,
				0E6DF6DB21777633004DAAEB /* XPMValuedArgument.m */,
				0E6DF6DC21777633004DAAEB /* XPMArgumentPackage.h */,
				0E6DF6DD21777633004DAAEB /* ArgumentParser-Prefix.pch */,
				0E6DF6DE21777633004DAAEB /* NSProcessInfo+XPMArgumentParser.m */,
				0E6DF6DF21777633004DAAEB /* XPMMutableAttributedArray.m */,
				0E6DF6E021777633004DAAEB /* XPMArgumentSignature_Private.h */,
				0E6DF6E121777633004DAAEB /* NSDictionary+RubyDescription.h */,
				0E6DF6E221777633004DAAEB /* XPMArgsKonstants.m */,
				0E6DF6E321777633004DAAEB /* XPMArgumentSignature.m */,
				0E6DF6E421777633004DAAEB /* XPMArguments_Coalescer_Internal.m */,
				0E6DF6E521777633004DAAEB /* XPMCountedArgument.m */,
				0E6DF6E621777633004DAAEB /* NSScanner+EscapedScanning.m */,
				0E6DF6E721777633004DAAEB /* XPMArgumentPackage.m */,
				0E6DF6E821777633004DAAEB /* XPMValuedArgument.h */,
				0E6DF6E921777633004DAAEB /* XPMArgumentParser.m */,
				0E6DF6EA21777633004DAAEB /* NSString+Indenter.m */,
				0E6DF6EB21777633004DAAEB /* NSArray+XPMArgumentsNormalizer.m */,
				0E6DF6EC21777633004DAAEB /* XPMArgsKonstants.h */,
				0E6DF6ED21777633004DAAEB /* NSDictionary+RubyDescription.m */,
				0E6DF6EE21777633004DAAEB /* XPMMutableAttributedArray.h */,
				0E6DF6EF21777633004DAAEB /* NSProcessInfo+XPMArgumentParser.h */,
				0E6DF6F021777633004DAAEB /* XPMCountedArgument.h */,
				0E6DF6F121777633004DAAEB /* XPMArguments_Coalescer_Internal.h */,
				0E6DF6F221777633004DAAEB /* XPMArguments.h */,
				0E6DF6F321777633004DAAEB /* XPMArgumentSignature.h */,
			);
			path = ArgumentParser;
			sourceTree = "<group>";
		};
		0E6DF70721777DB7004DAAEB /* Commands */ = {
			isa = PBXGroup;
			children = (
				0E6DF70421777B24004DAAEB /* SPCommandInteractor.h */,
				0E6DF70521777B24004DAAEB /* SPCommandInteractor.m */,
				0E6DF70821777E1C004DAAEB /* SPSimListCommand.h */,
				0E6DF70921777E1C004DAAEB /* SPSimListCommand.m */,
				0E6DF70B21777EE6004DAAEB /* SPCommand.h */,
				0ECB2A5E217B9CA800ADB62A /* SPHdiutilCommand.h */,
				0ECB2A5F217B9CA800ADB62A /* SPHdiutilCommand.m */,
			);
			path = Commands;
			sourceTree = "<group>";
		};
/* End PBXGroup section */

/* Begin PBXNativeTarget section */
		0E5B7931217711F900DEC01F /* simspc */ = {
			isa = PBXNativeTarget;
			buildConfigurationList = 0E5B7939217711F900DEC01F /* Build configuration list for PBXNativeTarget "simspc" */;
			buildPhases = (
				0E5B792E217711F900DEC01F /* Sources */,
				0E5B792F217711F900DEC01F /* Frameworks */,
				0E5B7930217711F900DEC01F /* CopyFiles */,
			);
			buildRules = (
			);
			dependencies = (
			);
			name = simspc;
			productName = simspc;
			productReference = 0E5B7932217711F900DEC01F /* simspc */;
			productType = "com.apple.product-type.tool";
		};
/* End PBXNativeTarget section */

/* Begin PBXProject section */
		0E5B792A217711F900DEC01F /* Project object */ = {
			isa = PBXProject;
			attributes = {
				LastUpgradeCheck = 1000;
				ORGANIZATIONNAME = SimSpace;
				TargetAttributes = {
					0E5B7931217711F900DEC01F = {
						CreatedOnToolsVersion = 10.0;
					};
				};
			};
			buildConfigurationList = 0E5B792D217711F900DEC01F /* Build configuration list for PBXProject "simspc" */;
			compatibilityVersion = "Xcode 9.3";
			developmentRegion = en;
			hasScannedForEncodings = 0;
			knownRegions = (
				en,
			);
			mainGroup = 0E5B7929217711F900DEC01F;
			productRefGroup = 0E5B7933217711F900DEC01F /* Products */;
			projectDirPath = "";
			projectRoot = "";
			targets = (
				0E5B7931217711F900DEC01F /* simspc */,
			);
		};
/* End PBXProject section */

/* Begin PBXSourcesBuildPhase section */
		0E5B792E217711F900DEC01F /* Sources */ = {
			isa = PBXSourcesBuildPhase;
			buildActionMask = 2147483647;
			files = (
				0E6DF6F621777633004DAAEB /* XPMMutableAttributedArray.m in Sources */,
				0E6DF70621777B25004DAAEB /* SPCommandInteractor.m in Sources */,
				0E6DF6FA21777633004DAAEB /* XPMCountedArgument.m in Sources */,
				0E6DF6FE21777633004DAAEB /* NSString+Indenter.m in Sources */,
				0E6DF6F721777633004DAAEB /* XPMArgsKonstants.m in Sources */,
				0E6DF6FF21777633004DAAEB /* NSArray+XPMArgumentsNormalizer.m in Sources */,
				0ECB2A60217B9CA800ADB62A /* SPHdiutilCommand.m in Sources */,
				0E6DF6FC21777633004DAAEB /* XPMArgumentPackage.m in Sources */,
				0E5B7936217711F900DEC01F /* main.m in Sources */,
				0E6DF6FB21777633004DAAEB /* NSScanner+EscapedScanning.m in Sources */,
				0E6DF6F821777633004DAAEB /* XPMArgumentSignature.m in Sources */,
				0E6DF70A21777E1C004DAAEB /* SPSimListCommand.m in Sources */,
				0E6DF70021777633004DAAEB /* NSDictionary+RubyDescription.m in Sources */,
				0E6DF6F421777633004DAAEB /* XPMValuedArgument.m in Sources */,
				0E6DF7032177765F004DAAEB /* ASOptions.m in Sources */,
				0E6DF6F921777633004DAAEB /* XPMArguments_Coalescer_Internal.m in Sources */,
				0E6DF6FD21777633004DAAEB /* XPMArgumentParser.m in Sources */,
				0E6DF6F521777633004DAAEB /* NSProcessInfo+XPMArgumentParser.m in Sources */,
			);
			runOnlyForDeploymentPostprocessing = 0;
		};
/* End PBXSourcesBuildPhase section */

/* Begin XCBuildConfiguration section */
		0E5B7937217711F900DEC01F /* Debug */ = {
			isa = XCBuildConfiguration;
			buildSettings = {
				ALWAYS_SEARCH_USER_PATHS = NO;
				CLANG_ANALYZER_NONNULL = YES;
				CLANG_ANALYZER_NUMBER_OBJECT_CONVERSION = YES_AGGRESSIVE;
				CLANG_CXX_LANGUAGE_STANDARD = "gnu++14";
				CLANG_CXX_LIBRARY = "libc++";
				CLANG_ENABLE_MODULES = YES;
				CLANG_ENABLE_OBJC_ARC = YES;
				CLANG_ENABLE_OBJC_WEAK = YES;
				CLANG_WARN_BLOCK_CAPTURE_AUTORELEASING = YES;
				CLANG_WARN_BOOL_CONVERSION = YES;
				CLANG_WARN_COMMA = YES;
				CLANG_WARN_CONSTANT_CONVERSION = YES;
				CLANG_WARN_DEPRECATED_OBJC_IMPLEMENTATIONS = YES;
				CLANG_WARN_DIRECT_OBJC_ISA_USAGE = YES_ERROR;
				CLANG_WARN_DOCUMENTATION_COMMENTS = YES;
				CLANG_WARN_EMPTY_BODY = YES;
				CLANG_WARN_ENUM_CONVERSION = YES;
				CLANG_WARN_INFINITE_RECURSION = YES;
				CLANG_WARN_INT_CONVERSION = YES;
				CLANG_WARN_NON_LITERAL_NULL_CONVERSION = YES;
				CLANG_WARN_OBJC_IMPLICIT_RETAIN_SELF = YES;
				CLANG_WARN_OBJC_LITERAL_CONVERSION = YES;
				CLANG_WARN_OBJC_ROOT_CLASS = YES_ERROR;
				CLANG_WARN_RANGE_LOOP_ANALYSIS = YES;
				CLANG_WARN_STRICT_PROTOTYPES = YES;
				CLANG_WARN_SUSPICIOUS_MOVE = YES;
				CLANG_WARN_UNGUARDED_AVAILABILITY = YES_AGGRESSIVE;
				CLANG_WARN_UNREACHABLE_CODE = YES;
				CLANG_WARN__DUPLICATE_METHOD_MATCH = YES;
				CODE_SIGN_IDENTITY = "Mac Developer";
				COPY_PHASE_STRIP = NO;
				DEBUG_INFORMATION_FORMAT = dwarf;
				ENABLE_STRICT_OBJC_MSGSEND = YES;
				ENABLE_TESTABILITY = YES;
				GCC_C_LANGUAGE_STANDARD = gnu11;
				GCC_DYNAMIC_NO_PIC = NO;
				GCC_NO_COMMON_BLOCKS = YES;
				GCC_OPTIMIZATION_LEVEL = 0;
				GCC_PREPROCESSOR_DEFINITIONS = (
					"DEBUG=1",
					"$(inherited)",
				);
				GCC_WARN_64_TO_32_BIT_CONVERSION = YES;
				GCC_WARN_ABOUT_RETURN_TYPE = YES_ERROR;
				GCC_WARN_UNDECLARED_SELECTOR = YES;
				GCC_WARN_UNINITIALIZED_AUTOS = YES_AGGRESSIVE;
				GCC_WARN_UNUSED_FUNCTION = YES;
				GCC_WARN_UNUSED_VARIABLE = YES;
				MACOSX_DEPLOYMENT_TARGET = 10.14;
				MTL_ENABLE_DEBUG_INFO = INCLUDE_SOURCE;
				MTL_FAST_MATH = YES;
				ONLY_ACTIVE_ARCH = YES;
				SDKROOT = macosx;
			};
			name = Debug;
		};
		0E5B7938217711F900DEC01F /* Release */ = {
			isa = XCBuildConfiguration;
			buildSettings = {
				ALWAYS_SEARCH_USER_PATHS = NO;
				CLANG_ANALYZER_NONNULL = YES;
				CLANG_ANALYZER_NUMBER_OBJECT_CONVERSION = YES_AGGRESSIVE;
				CLANG_CXX_LANGUAGE_STANDARD = "gnu++14";
				CLANG_CXX_LIBRARY = "libc++";
				CLANG_ENABLE_MODULES = YES;
				CLANG_ENABLE_OBJC_ARC = YES;
				CLANG_ENABLE_OBJC_WEAK = YES;
				CLANG_WARN_BLOCK_CAPTURE_AUTORELEASING = YES;
				CLANG_WARN_BOOL_CONVERSION = YES;
				CLANG_WARN_COMMA = YES;
				CLANG_WARN_CONSTANT_CONVERSION = YES;
				CLANG_WARN_DEPRECATED_OBJC_IMPLEMENTATIONS = YES;
				CLANG_WARN_DIRECT_OBJC_ISA_USAGE = YES_ERROR;
				CLANG_WARN_DOCUMENTATION_COMMENTS = YES;
				CLANG_WARN_EMPTY_BODY = YES;
				CLANG_WARN_ENUM_CONVERSION = YES;
				CLANG_WARN_INFINITE_RECURSION = YES;
				CLANG_WARN_INT_CONVERSION = YES;
				CLANG_WARN_NON_LITERAL_NULL_CONVERSION = YES;
				CLANG_WARN_OBJC_IMPLICIT_RETAIN_SELF = YES;
				CLANG_WARN_OBJC_LITERAL_CONVERSION = YES;
				CLANG_WARN_OBJC_ROOT_CLASS = YES_ERROR;
				CLANG_WARN_RANGE_LOOP_ANALYSIS = YES;
				CLANG_WARN_STRICT_PROTOTYPES = YES;
				CLANG_WARN_SUSPICIOUS_MOVE = YES;
				CLANG_WARN_UNGUARDED_AVAILABILITY = YES_AGGRESSIVE;
				CLANG_WARN_UNREACHABLE_CODE = YES;
				CLANG_WARN__DUPLICATE_METHOD_MATCH = YES;
				CODE_SIGN_IDENTITY = "Mac Developer";
				COPY_PHASE_STRIP = NO;
				DEBUG_INFORMATION_FORMAT = "dwarf-with-dsym";
				ENABLE_NS_ASSERTIONS = NO;
				ENABLE_STRICT_OBJC_MSGSEND = YES;
				GCC_C_LANGUAGE_STANDARD = gnu11;
				GCC_NO_COMMON_BLOCKS = YES;
				GCC_WARN_64_TO_32_BIT_CONVERSION = YES;
				GCC_WARN_ABOUT_RETURN_TYPE = YES_ERROR;
				GCC_WARN_UNDECLARED_SELECTOR = YES;
				GCC_WARN_UNINITIALIZED_AUTOS = YES_AGGRESSIVE;
				GCC_WARN_UNUSED_FUNCTION = YES;
				GCC_WARN_UNUSED_VARIABLE = YES;
				MACOSX_DEPLOYMENT_TARGET = 10.14;
				MTL_ENABLE_DEBUG_INFO = NO;
				MTL_FAST_MATH = YES;
				SDKROOT = macosx;
			};
			name = Release;
		};
		0E5B793A217711F900DEC01F /* Debug */ = {
			isa = XCBuildConfiguration;
			buildSettings = {
				CODE_SIGN_STYLE = Automatic;
				DEVELOPMENT_TEAM = KUDGTPXKVD;
				PRODUCT_NAME = "$(TARGET_NAME)";
			};
			name = Debug;
		};
		0E5B793B217711F900DEC01F /* Release */ = {
			isa = XCBuildConfiguration;
			buildSettings = {
				CODE_SIGN_STYLE = Automatic;
				DEVELOPMENT_TEAM = KUDGTPXKVD;
				PRODUCT_NAME = "$(TARGET_NAME)";
			};
			name = Release;
		};
/* End XCBuildConfiguration section */

/* Begin XCConfigurationList section */
		0E5B792D217711F900DEC01F /* Build configuration list for PBXProject "simspc" */ = {
			isa = XCConfigurationList;
			buildConfigurations = (
				0E5B7937217711F900DEC01F /* Debug */,
				0E5B7938217711F900DEC01F /* Release */,
			);
			defaultConfigurationIsVisible = 0;
			defaultConfigurationName = Release;
		};
		0E5B7939217711F900DEC01F /* Build configuration list for PBXNativeTarget "simspc" */ = {
			isa = XCConfigurationList;
			buildConfigurations = (
				0E5B793A217711F900DEC01F /* Debug */,
				0E5B793B217711F900DEC01F /* Release */,
			);
			defaultConfigurationIsVisible = 0;
			defaultConfigurationName = Release;
		};
/* End XCConfigurationList section */
	};
	rootObject = 0E5B792A217711F900DEC01F /* Project object */;
}
